
Microsoft Visual Studio Solution File, Format Version 12.00
# Visual Studio 15
VisualStudioVersion = 15.0.27924.0
MinimumVisualStudioVersion = 10.0.40219.1
Project("{FAE04EC0-301F-11D3-BF4B-00C04F79EFBC}") = "Sales.Android", "Sales\Sales.Android\Sales.Android.csproj", "{96541953-E258-4930-B81D-F9FDD5EE553B}"
EndProject
Project("{FAE04EC0-301F-11D3-BF4B-00C04F79EFBC}") = "Sales.iOS", "Sales\Sales.iOS\Sales.iOS.csproj", "{2498213C-54B9-4F3C-9774-1A6696B83185}"
EndProject
Project("{9A19103F-16F7-4668-BE54-9A1E7A4F7556}") = "Sales", "Sales\Sales\Sales.csproj", "{DDB39B2C-AFFD-49A1-9744-B44B1DE944E7}"
EndProject
Project("{FAE04EC0-301F-11D3-BF4B-00C04F79EFBC}") = "Sales.Backend", "Sales.Backend\Sales.Backend.csproj", "{29A6C7AE-4051-4827-9796-A0665632EBDA}"
EndProject
Project("{FAE04EC0-301F-11D3-BF4B-00C04F79EFBC}") = "Sales.API", "Sales.API\Sales.API.csproj", "{B9B57A82-22E4-4321-B17C-1358849BAB32}"
EndProject
Project("{FAE04EC0-301F-11D3-BF4B-00C04F79EFBC}") = "Sales.Domain", "Sales.Domain\Sales.Domain.csproj", "{FC321092-4C05-4D9A-AE9C-BB281790BFFE}"
EndProject
Project("{FAE04EC0-301F-11D3-BF4B-00C04F79EFBC}") = "Sales.Common", "Sales.Common\Sales.Common.csproj", "{3B2C75A4-ADEE-4F24-B9CB-FE2EE418B8EC}"
EndProject
Global
	GlobalSection(SolutionConfigurationPlatforms) = preSolution
		Ad-Hoc|Any CPU = Ad-Hoc|Any CPU
		Ad-Hoc|ARM = Ad-Hoc|ARM
		Ad-Hoc|iPhone = Ad-Hoc|iPhone
		Ad-Hoc|iPhoneSimulator = Ad-Hoc|iPhoneSimulator
		Ad-Hoc|x64 = Ad-Hoc|x64
		Ad-Hoc|x86 = Ad-Hoc|x86
		AppStore|Any CPU = AppStore|Any CPU
		AppStore|ARM = AppStore|ARM
		AppStore|iPhone = AppStore|iPhone
		AppStore|iPhoneSimulator = AppStore|iPhoneSimulator
		AppStore|x64 = AppStore|x64
		AppStore|x86 = AppStore|x86
		Debug|Any CPU = Debug|Any CPU
		Debug|ARM = Debug|ARM
		Debug|iPhone = Debug|iPhone
		Debug|iPhoneSimulator = Debug|iPhoneSimulator
		Debug|x64 = Debug|x64
		Debug|x86 = Debug|x86
		Release|Any CPU = Release|Any CPU
		Release|ARM = Release|ARM
		Release|iPhone = Release|iPhone
		Release|iPhoneSimulator = Release|iPhoneSimulator
		Release|x64 = Release|x64
		Release|x86 = Release|x86
	EndGlobalSection
	GlobalSection(ProjectConfigurationPlatforms) = postSolution
		{96541953-E258-4930-B81D-F9FDD5EE553B}.Ad-Hoc|Any CPU.ActiveCfg = Release|Any CPU
		{96541953-E258-4930-B81D-F9FDD5EE553B}.Ad-Hoc|Any CPU.Build.0 = Release|Any CPU
		{96541953-E258-4930-B81D-F9FDD5EE553B}.Ad-Hoc|Any CPU.Deploy.0 = Release|Any CPU
		{96541953-E258-4930-B81D-F9FDD5EE553B}.Ad-Hoc|ARM.ActiveCfg = Release|Any CPU
		{96541953-E258-4930-B81D-F9FDD5EE553B}.Ad-Hoc|ARM.Build.0 = Release|Any CPU
		{96541953-E258-4930-B81D-F9FDD5EE553B}.Ad-Hoc|ARM.Deploy.0 = Release|Any CPU
		{96541953-E258-4930-B81D-F9FDD5EE553B}.Ad-Hoc|iPhone.ActiveCfg = Release|Any CPU
		{96541953-E258-4930-B81D-F9FDD5EE553B}.Ad-Hoc|iPhone.Build.0 = Release|Any CPU
		{96541953-E258-4930-B81D-F9FDD5EE553B}.Ad-Hoc|iPhone.Deploy.0 = Release|Any CPU
		{96541953-E258-4930-B81D-F9FDD5EE553B}.Ad-Hoc|iPhoneSimulator.ActiveCfg = Release|Any CPU
		{96541953-E258-4930-B81D-F9FDD5EE553B}.Ad-Hoc|iPhoneSimulator.Build.0 = Release|Any CPU
		{96541953-E258-4930-B81D-F9FDD5EE553B}.Ad-Hoc|iPhoneSimulator.Deploy.0 = Release|Any CPU
		{96541953-E258-4930-B81D-F9FDD5EE553B}.Ad-Hoc|x64.ActiveCfg = Release|Any CPU
		{96541953-E258-4930-B81D-F9FDD5EE553B}.Ad-Hoc|x64.Build.0 = Release|Any CPU
		{96541953-E258-4930-B81D-F9FDD5EE553B}.Ad-Hoc|x64.Deploy.0 = Release|Any CPU
		{96541953-E258-4930-B81D-F9FDD5EE553B}.Ad-Hoc|x86.ActiveCfg = Release|Any CPU
		{96541953-E258-4930-B81D-F9FDD5EE553B}.Ad-Hoc|x86.Build.0 = Release|Any CPU
		{96541953-E258-4930-B81D-F9FDD5EE553B}.Ad-Hoc|x86.Deploy.0 = Release|Any CPU
		{96541953-E258-4930-B81D-F9FDD5EE553B}.AppStore|Any CPU.ActiveCfg = Release|Any CPU
		{96541953-E258-4930-B81D-F9FDD5EE553B}.AppStore|Any CPU.Build.0 = Release|Any CPU
		{96541953-E258-4930-B81D-F9FDD5EE553B}.AppStore|Any CPU.Deploy.0 = Release|Any CPU
		{96541953-E258-4930-B81D-F9FDD5EE553B}.AppStore|ARM.ActiveCfg = Release|Any CPU
		{96541953-E258-4930-B81D-F9FDD5EE553B}.AppStore|ARM.Build.0 = Release|Any CPU
		{96541953-E258-4930-B81D-F9FDD5EE553B}.AppStore|ARM.Deploy.0 = Release|Any CPU
		{96541953-E258-4930-B81D-F9FDD5EE553B}.AppStore|iPhone.ActiveCfg = Release|Any CPU
		{96541953-E258-4930-B81D-F9FDD5EE553B}.AppStore|iPhone.Build.0 = Release|Any CPU
		{96541953-E258-4930-B81D-F9FDD5EE553B}.AppStore|iPhone.Deploy.0 = Release|Any CPU
		{96541953-E258-4930-B81D-F9FDD5EE553B}.AppStore|iPhoneSimulator.ActiveCfg = Release|Any CPU
		{96541953-E258-4930-B81D-F9FDD5EE553B}.AppStore|iPhoneSimulator.Build.0 = Release|Any CPU
		{96541953-E258-4930-B81D-F9FDD5EE553B}.AppStore|iPhoneSimulator.Deploy.0 = Release|Any CPU
		{96541953-E258-4930-B81D-F9FDD5EE553B}.AppStore|x64.ActiveCfg = Release|Any CPU
		{96541953-E258-4930-B81D-F9FDD5EE553B}.AppStore|x64.Build.0 = Release|Any CPU
		{96541953-E258-4930-B81D-F9FDD5EE553B}.AppStore|x64.Deploy.0 = Release|Any CPU
		{96541953-E258-4930-B81D-F9FDD5EE553B}.AppStore|x86.ActiveCfg = Release|Any CPU
		{96541953-E258-4930-B81D-F9FDD5EE553B}.AppStore|x86.Build.0 = Release|Any CPU
		{96541953-E258-4930-B81D-F9FDD5EE553B}.AppStore|x86.Deploy.0 = Release|Any CPU
		{96541953-E258-4930-B81D-F9FDD5EE553B}.Debug|Any CPU.ActiveCfg = Debug|Any CPU
		{96541953-E258-4930-B81D-F9FDD5EE553B}.Debug|Any CPU.Build.0 = Debug|Any CPU
		{96541953-E258-4930-B81D-F9FDD5EE553B}.Debug|Any CPU.Deploy.0 = Debug|Any CPU
		{96541953-E258-4930-B81D-F9FDD5EE553B}.Debug|ARM.ActiveCfg = Debug|Any CPU
		{96541953-E258-4930-B81D-F9FDD5EE553B}.Debug|ARM.Build.0 = Debug|Any CPU
		{96541953-E258-4930-B81D-F9FDD5EE553B}.Debug|ARM.Deploy.0 = Debug|Any CPU
		{96541953-E258-4930-B81D-F9FDD5EE553B}.Debug|iPhone.ActiveCfg = Debug|Any CPU
		{96541953-E258-4930-B81D-F9FDD5EE553B}.Debug|iPhone.Build.0 = Debug|Any CPU
		{96541953-E258-4930-B81D-F9FDD5EE553B}.Debug|iPhone.Deploy.0 = Debug|Any CPU
		{96541953-E258-4930-B81D-F9FDD5EE553B}.Debug|iPhoneSimulator.ActiveCfg = Debug|Any CPU
		{96541953-E258-4930-B81D-F9FDD5EE553B}.Debug|iPhoneSimulator.Build.0 = Debug|Any CPU
		{96541953-E258-4930-B81D-F9FDD5EE553B}.Debug|iPhoneSimulator.Deploy.0 = Debug|Any CPU
		{96541953-E258-4930-B81D-F9FDD5EE553B}.Debug|x64.ActiveCfg = Debug|Any CPU
		{96541953-E258-4930-B81D-F9FDD5EE553B}.Debug|x64.Build.0 = Debug|Any CPU
		{96541953-E258-4930-B81D-F9FDD5EE553B}.Debug|x64.Deploy.0 = Debug|Any CPU
		{96541953-E258-4930-B81D-F9FDD5EE553B}.Debug|x86.ActiveCfg = Debug|Any CPU
		{96541953-E258-4930-B81D-F9FDD5EE553B}.Debug|x86.Build.0 = Debug|Any CPU
		{96541953-E258-4930-B81D-F9FDD5EE553B}.Debug|x86.Deploy.0 = Debug|Any CPU
		{96541953-E258-4930-B81D-F9FDD5EE553B}.Release|Any CPU.ActiveCfg = Release|Any CPU
		{96541953-E258-4930-B81D-F9FDD5EE553B}.Release|Any CPU.Build.0 = Release|Any CPU
		{96541953-E258-4930-B81D-F9FDD5EE553B}.Release|Any CPU.Deploy.0 = Release|Any CPU
		{96541953-E258-4930-B81D-F9FDD5EE553B}.Release|ARM.ActiveCfg = Release|Any CPU
		{96541953-E258-4930-B81D-F9FDD5EE553B}.Release|ARM.Build.0 = Release|Any CPU
		{96541953-E258-4930-B81D-F9FDD5EE553B}.Release|ARM.Deploy.0 = Release|Any CPU
		{96541953-E258-4930-B81D-F9FDD5EE553B}.Release|iPhone.ActiveCfg = Release|Any CPU
		{96541953-E258-4930-B81D-F9FDD5EE553B}.Release|iPhone.Build.0 = Release|Any CPU
		{96541953-E258-4930-B81D-F9FDD5EE553B}.Release|iPhone.Deploy.0 = Release|Any CPU
		{96541953-E258-4930-B81D-F9FDD5EE553B}.Release|iPhoneSimulator.ActiveCfg = Release|Any CPU
		{96541953-E258-4930-B81D-F9FDD5EE553B}.Release|iPhoneSimulator.Build.0 = Release|Any CPU
		{96541953-E258-4930-B81D-F9FDD5EE553B}.Release|iPhoneSimulator.Deploy.0 = Release|Any CPU
		{96541953-E258-4930-B81D-F9FDD5EE553B}.Release|x64.ActiveCfg = Release|Any CPU
		{96541953-E258-4930-B81D-F9FDD5EE553B}.Release|x64.Build.0 = Release|Any CPU
		{96541953-E258-4930-B81D-F9FDD5EE553B}.Release|x64.Deploy.0 = Release|Any CPU
		{96541953-E258-4930-B81D-F9FDD5EE553B}.Release|x86.ActiveCfg = Release|Any CPU
		{96541953-E258-4930-B81D-F9FDD5EE553B}.Release|x86.Build.0 = Release|Any CPU
		{96541953-E258-4930-B81D-F9FDD5EE553B}.Release|x86.Deploy.0 = Release|Any CPU
		{2498213C-54B9-4F3C-9774-1A6696B83185}.Ad-Hoc|Any CPU.ActiveCfg = Ad-Hoc|iPhone
		{2498213C-54B9-4F3C-9774-1A6696B83185}.Ad-Hoc|Any CPU.Build.0 = Ad-Hoc|iPhone
		{2498213C-54B9-4F3C-9774-1A6696B83185}.Ad-Hoc|Any CPU.Deploy.0 = Ad-Hoc|iPhone
		{2498213C-54B9-4F3C-9774-1A6696B83185}.Ad-Hoc|ARM.ActiveCfg = Ad-Hoc|iPhone
		{2498213C-54B9-4F3C-9774-1A6696B83185}.Ad-Hoc|ARM.Build.0 = Ad-Hoc|iPhone
		{2498213C-54B9-4F3C-9774-1A6696B83185}.Ad-Hoc|ARM.Deploy.0 = Ad-Hoc|iPhone
		{2498213C-54B9-4F3C-9774-1A6696B83185}.Ad-Hoc|iPhone.ActiveCfg = Ad-Hoc|iPhone
		{2498213C-54B9-4F3C-9774-1A6696B83185}.Ad-Hoc|iPhone.Build.0 = Ad-Hoc|iPhone
		{2498213C-54B9-4F3C-9774-1A6696B83185}.Ad-Hoc|iPhone.Deploy.0 = Ad-Hoc|iPhone
		{2498213C-54B9-4F3C-9774-1A6696B83185}.Ad-Hoc|iPhoneSimulator.ActiveCfg = Ad-Hoc|iPhoneSimulator
		{2498213C-54B9-4F3C-9774-1A6696B83185}.Ad-Hoc|iPhoneSimulator.Build.0 = Ad-Hoc|iPhoneSimulator
		{2498213C-54B9-4F3C-9774-1A6696B83185}.Ad-Hoc|iPhoneSimulator.Deploy.0 = Ad-Hoc|iPhoneSimulator
		{2498213C-54B9-4F3C-9774-1A6696B83185}.Ad-Hoc|x64.ActiveCfg = Ad-Hoc|iPhone
		{2498213C-54B9-4F3C-9774-1A6696B83185}.Ad-Hoc|x64.Build.0 = Ad-Hoc|iPhone
		{2498213C-54B9-4F3C-9774-1A6696B83185}.Ad-Hoc|x64.Deploy.0 = Ad-Hoc|iPhone
		{2498213C-54B9-4F3C-9774-1A6696B83185}.Ad-Hoc|x86.ActiveCfg = Ad-Hoc|iPhone
		{2498213C-54B9-4F3C-9774-1A6696B83185}.Ad-Hoc|x86.Build.0 = Ad-Hoc|iPhone
		{2498213C-54B9-4F3C-9774-1A6696B83185}.Ad-Hoc|x86.Deploy.0 = Ad-Hoc|iPhone
		{2498213C-54B9-4F3C-9774-1A6696B83185}.AppStore|Any CPU.ActiveCfg = AppStore|iPhone
		{2498213C-54B9-4F3C-9774-1A6696B83185}.AppStore|Any CPU.Build.0 = AppStore|iPhone
		{2498213C-54B9-4F3C-9774-1A6696B83185}.AppStore|Any CPU.Deploy.0 = AppStore|iPhone
		{2498213C-54B9-4F3C-9774-1A6696B83185}.AppStore|ARM.ActiveCfg = AppStore|iPhone
		{2498213C-54B9-4F3C-9774-1A6696B83185}.AppStore|ARM.Build.0 = AppStore|iPhone
		{2498213C-54B9-4F3C-9774-1A6696B83185}.AppStore|ARM.Deploy.0 = AppStore|iPhone
		{2498213C-54B9-4F3C-9774-1A6696B83185}.AppStore|iPhone.ActiveCfg = AppStore|iPhone
		{2498213C-54B9-4F3C-9774-1A6696B83185}.AppStore|iPhone.Build.0 = AppStore|iPhone
		{2498213C-54B9-4F3C-9774-1A6696B83185}.AppStore|iPhone.Deploy.0 = AppStore|iPhone
		{2498213C-54B9-4F3C-9774-1A6696B83185}.AppStore|iPhoneSimulator.ActiveCfg = AppStore|iPhoneSimulator
		{2498213C-54B9-4F3C-9774-1A6696B83185}.AppStore|iPhoneSimulator.Build.0 = AppStore|iPhoneSimulator
		{2498213C-54B9-4F3C-9774-1A6696B83185}.AppStore|iPhoneSimulator.Deploy.0 = AppStore|iPhoneSimulator
		{2498213C-54B9-4F3C-9774-1A6696B83185}.AppStore|x64.ActiveCfg = AppStore|iPhone
		{2498213C-54B9-4F3C-9774-1A6696B83185}.AppStore|x64.Build.0 = AppStore|iPhone
		{2498213C-54B9-4F3C-9774-1A6696B83185}.AppStore|x64.Deploy.0 = AppStore|iPhone
		{2498213C-54B9-4F3C-9774-1A6696B83185}.AppStore|x86.ActiveCfg = AppStore|iPhone
		{2498213C-54B9-4F3C-9774-1A6696B83185}.AppStore|x86.Build.0 = AppStore|iPhone
		{2498213C-54B9-4F3C-9774-1A6696B83185}.AppStore|x86.Deploy.0 = AppStore|iPhone
		{2498213C-54B9-4F3C-9774-1A6696B83185}.Debug|Any CPU.ActiveCfg = Debug|iPhoneSimulator
		{2498213C-54B9-4F3C-9774-1A6696B83185}.Debug|Any CPU.Build.0 = Debug|iPhoneSimulator
		{2498213C-54B9-4F3C-9774-1A6696B83185}.Debug|Any CPU.Deploy.0 = Debug|iPhoneSimulator
		{2498213C-54B9-4F3C-9774-1A6696B83185}.Debug|ARM.ActiveCfg = Debug|iPhone
		{2498213C-54B9-4F3C-9774-1A6696B83185}.Debug|ARM.Build.0 = Debug|iPhone
		{2498213C-54B9-4F3C-9774-1A6696B83185}.Debug|ARM.Deploy.0 = Debug|iPhone
		{2498213C-54B9-4F3C-9774-1A6696B83185}.Debug|iPhone.ActiveCfg = Debug|iPhone
		{2498213C-54B9-4F3C-9774-1A6696B83185}.Debug|iPhone.Build.0 = Debug|iPhone
		{2498213C-54B9-4F3C-9774-1A6696B83185}.Debug|iPhone.Deploy.0 = Debug|iPhone
		{2498213C-54B9-4F3C-9774-1A6696B83185}.Debug|iPhoneSimulator.ActiveCfg = Debug|iPhoneSimulator
		{2498213C-54B9-4F3C-9774-1A6696B83185}.Debug|iPhoneSimulator.Build.0 = Debug|iPhoneSimulator
		{2498213C-54B9-4F3C-9774-1A6696B83185}.Debug|iPhoneSimulator.Deploy.0 = Debug|iPhoneSimulator
		{2498213C-54B9-4F3C-9774-1A6696B83185}.Debug|x64.ActiveCfg = Debug|iPhone
		{2498213C-54B9-4F3C-9774-1A6696B83185}.Debug|x64.Build.0 = Debug|iPhone
		{2498213C-54B9-4F3C-9774-1A6696B83185}.Debug|x64.Deploy.0 = Debug|iPhone
		{2498213C-54B9-4F3C-9774-1A6696B83185}.Debug|x86.ActiveCfg = Debug|iPhone
		{2498213C-54B9-4F3C-9774-1A6696B83185}.Debug|x86.Build.0 = Debug|iPhone
		{2498213C-54B9-4F3C-9774-1A6696B83185}.Debug|x86.Deploy.0 = Debug|iPhone
		{2498213C-54B9-4F3C-9774-1A6696B83185}.Release|Any CPU.ActiveCfg = Release|iPhone
		{2498213C-54B9-4F3C-9774-1A6696B83185}.Release|Any CPU.Build.0 = Release|iPhone
		{2498213C-54B9-4F3C-9774-1A6696B83185}.Release|Any CPU.Deploy.0 = Release|iPhone
		{2498213C-54B9-4F3C-9774-1A6696B83185}.Release|ARM.ActiveCfg = Release|iPhone
		{2498213C-54B9-4F3C-9774-1A6696B83185}.Release|ARM.Build.0 = Release|iPhone
		{2498213C-54B9-4F3C-9774-1A6696B83185}.Release|ARM.Deploy.0 = Release|iPhone
		{2498213C-54B9-4F3C-9774-1A6696B83185}.Release|iPhone.ActiveCfg = Release|iPhone
		{2498213C-54B9-4F3C-9774-1A6696B83185}.Release|iPhone.Build.0 = Release|iPhone
		{2498213C-54B9-4F3C-9774-1A6696B83185}.Release|iPhone.Deploy.0 = Release|iPhone
		{2498213C-54B9-4F3C-9774-1A6696B83185}.Release|iPhoneSimulator.ActiveCfg = Release|iPhoneSimulator
		{2498213C-54B9-4F3C-9774-1A6696B83185}.Release|iPhoneSimulator.Build.0 = Release|iPhoneSimulator
		{2498213C-54B9-4F3C-9774-1A6696B83185}.Release|iPhoneSimulator.Deploy.0 = Release|iPhoneSimulator
		{2498213C-54B9-4F3C-9774-1A6696B83185}.Release|x64.ActiveCfg = Release|iPhone
		{2498213C-54B9-4F3C-9774-1A6696B83185}.Release|x64.Build.0 = Release|iPhone
		{2498213C-54B9-4F3C-9774-1A6696B83185}.Release|x64.Deploy.0 = Release|iPhone
		{2498213C-54B9-4F3C-9774-1A6696B83185}.Release|x86.ActiveCfg = Release|iPhone
		{2498213C-54B9-4F3C-9774-1A6696B83185}.Release|x86.Build.0 = Release|iPhone
		{2498213C-54B9-4F3C-9774-1A6696B83185}.Release|x86.Deploy.0 = Release|iPhone
		{DDB39B2C-AFFD-49A1-9744-B44B1DE944E7}.Ad-Hoc|Any CPU.ActiveCfg = Debug|Any CPU
		{DDB39B2C-AFFD-49A1-9744-B44B1DE944E7}.Ad-Hoc|Any CPU.Build.0 = Debug|Any CPU
		{DDB39B2C-AFFD-49A1-9744-B44B1DE944E7}.Ad-Hoc|Any CPU.Deploy.0 = Debug|Any CPU
		{DDB39B2C-AFFD-49A1-9744-B44B1DE944E7}.Ad-Hoc|ARM.ActiveCfg = Debug|Any CPU
		{DDB39B2C-AFFD-49A1-9744-B44B1DE944E7}.Ad-Hoc|ARM.Build.0 = Debug|Any CPU
		{DDB39B2C-AFFD-49A1-9744-B44B1DE944E7}.Ad-Hoc|ARM.Deploy.0 = Debug|Any CPU
		{DDB39B2C-AFFD-49A1-9744-B44B1DE944E7}.Ad-Hoc|iPhone.ActiveCfg = Debug|Any CPU
		{DDB39B2C-AFFD-49A1-9744-B44B1DE944E7}.Ad-Hoc|iPhone.Build.0 = Debug|Any CPU
		{DDB39B2C-AFFD-49A1-9744-B44B1DE944E7}.Ad-Hoc|iPhone.Deploy.0 = Debug|Any CPU
		{DDB39B2C-AFFD-49A1-9744-B44B1DE944E7}.Ad-Hoc|iPhoneSimulator.ActiveCfg = Debug|Any CPU
		{DDB39B2C-AFFD-49A1-9744-B44B1DE944E7}.Ad-Hoc|iPhoneSimulator.Build.0 = Debug|Any CPU
		{DDB39B2C-AFFD-49A1-9744-B44B1DE944E7}.Ad-Hoc|iPhoneSimulator.Deploy.0 = Debug|Any CPU
		{DDB39B2C-AFFD-49A1-9744-B44B1DE944E7}.Ad-Hoc|x64.ActiveCfg = Debug|Any CPU
		{DDB39B2C-AFFD-49A1-9744-B44B1DE944E7}.Ad-Hoc|x64.Build.0 = Debug|Any CPU
		{DDB39B2C-AFFD-49A1-9744-B44B1DE944E7}.Ad-Hoc|x64.Deploy.0 = Debug|Any CPU
		{DDB39B2C-AFFD-49A1-9744-B44B1DE944E7}.Ad-Hoc|x86.ActiveCfg = Debug|Any CPU
		{DDB39B2C-AFFD-49A1-9744-B44B1DE944E7}.Ad-Hoc|x86.Build.0 = Debug|Any CPU
		{DDB39B2C-AFFD-49A1-9744-B44B1DE944E7}.Ad-Hoc|x86.Deploy.0 = Debug|Any CPU
		{DDB39B2C-AFFD-49A1-9744-B44B1DE944E7}.AppStore|Any CPU.ActiveCfg = Debug|Any CPU
		{DDB39B2C-AFFD-49A1-9744-B44B1DE944E7}.AppStore|Any CPU.Build.0 = Debug|Any CPU
		{DDB39B2C-AFFD-49A1-9744-B44B1DE944E7}.AppStore|Any CPU.Deploy.0 = Debug|Any CPU
		{DDB39B2C-AFFD-49A1-9744-B44B1DE944E7}.AppStore|ARM.ActiveCfg = Debug|Any CPU
		{DDB39B2C-AFFD-49A1-9744-B44B1DE944E7}.AppStore|ARM.Build.0 = Debug|Any CPU
		{DDB39B2C-AFFD-49A1-9744-B44B1DE944E7}.AppStore|ARM.Deploy.0 = Debug|Any CPU
		{DDB39B2C-AFFD-49A1-9744-B44B1DE944E7}.AppStore|iPhone.ActiveCfg = Debug|Any CPU
		{DDB39B2C-AFFD-49A1-9744-B44B1DE944E7}.AppStore|iPhone.Build.0 = Debug|Any CPU
		{DDB39B2C-AFFD-49A1-9744-B44B1DE944E7}.AppStore|iPhone.Deploy.0 = Debug|Any CPU
		{DDB39B2C-AFFD-49A1-9744-B44B1DE944E7}.AppStore|iPhoneSimulator.ActiveCfg = Debug|Any CPU
		{DDB39B2C-AFFD-49A1-9744-B44B1DE944E7}.AppStore|iPhoneSimulator.Build.0 = Debug|Any CPU
		{DDB39B2C-AFFD-49A1-9744-B44B1DE944E7}.AppStore|iPhoneSimulator.Deploy.0 = Debug|Any CPU
		{DDB39B2C-AFFD-49A1-9744-B44B1DE944E7}.AppStore|x64.ActiveCfg = Debug|Any CPU
		{DDB39B2C-AFFD-49A1-9744-B44B1DE944E7}.AppStore|x64.Build.0 = Debug|Any CPU
		{DDB39B2C-AFFD-49A1-9744-B44B1DE944E7}.AppStore|x64.Deploy.0 = Debug|Any CPU
		{DDB39B2C-AFFD-49A1-9744-B44B1DE944E7}.AppStore|x86.ActiveCfg = Debug|Any CPU
		{DDB39B2C-AFFD-49A1-9744-B44B1DE944E7}.AppStore|x86.Build.0 = Debug|Any CPU
		{DDB39B2C-AFFD-49A1-9744-B44B1DE944E7}.AppStore|x86.Deploy.0 = Debug|Any CPU
		{DDB39B2C-AFFD-49A1-9744-B44B1DE944E7}.Debug|Any CPU.ActiveCfg = Debug|Any CPU
		{DDB39B2C-AFFD-49A1-9744-B44B1DE944E7}.Debug|Any CPU.Build.0 = Debug|Any CPU
		{DDB39B2C-AFFD-49A1-9744-B44B1DE944E7}.Debug|Any CPU.Deploy.0 = Debug|Any CPU
		{DDB39B2C-AFFD-49A1-9744-B44B1DE944E7}.Debug|ARM.ActiveCfg = Debug|Any CPU
		{DDB39B2C-AFFD-49A1-9744-B44B1DE944E7}.Debug|ARM.Build.0 = Debug|Any CPU
		{DDB39B2C-AFFD-49A1-9744-B44B1DE944E7}.Debug|ARM.Deploy.0 = Debug|Any CPU
		{DDB39B2C-AFFD-49A1-9744-B44B1DE944E7}.Debug|iPhone.ActiveCfg = Debug|Any CPU
		{DDB39B2C-AFFD-49A1-9744-B44B1DE944E7}.Debug|iPhone.Build.0 = Debug|Any CPU
		{DDB39B2C-AFFD-49A1-9744-B44B1DE944E7}.Debug|iPhone.Deploy.0 = Debug|Any CPU
		{DDB39B2C-AFFD-49A1-9744-B44B1DE944E7}.Debug|iPhoneSimulator.ActiveCfg = Debug|Any CPU
		{DDB39B2C-AFFD-49A1-9744-B44B1DE944E7}.Debug|iPhoneSimulator.Build.0 = Debug|Any CPU
		{DDB39B2C-AFFD-49A1-9744-B44B1DE944E7}.Debug|iPhoneSimulator.Deploy.0 = Debug|Any CPU
		{DDB39B2C-AFFD-49A1-9744-B44B1DE944E7}.Debug|x64.ActiveCfg = Debug|Any CPU
		{DDB39B2C-AFFD-49A1-9744-B44B1DE944E7}.Debug|x64.Build.0 = Debug|Any CPU
		{DDB39B2C-AFFD-49A1-9744-B44B1DE944E7}.Debug|x64.Deploy.0 = Debug|Any CPU
		{DDB39B2C-AFFD-49A1-9744-B44B1DE944E7}.Debug|x86.ActiveCfg = Debug|Any CPU
		{DDB39B2C-AFFD-49A1-9744-B44B1DE944E7}.Debug|x86.Build.0 = Debug|Any CPU
		{DDB39B2C-AFFD-49A1-9744-B44B1DE944E7}.Debug|x86.Deploy.0 = Debug|Any CPU
		{DDB39B2C-AFFD-49A1-9744-B44B1DE944E7}.Release|Any CPU.ActiveCfg = Release|Any CPU
		{DDB39B2C-AFFD-49A1-9744-B44B1DE944E7}.Release|Any CPU.Build.0 = Release|Any CPU
		{DDB39B2C-AFFD-49A1-9744-B44B1DE944E7}.Release|Any CPU.Deploy.0 = Release|Any CPU
		{DDB39B2C-AFFD-49A1-9744-B44B1DE944E7}.Release|ARM.ActiveCfg = Release|Any CPU
		{DDB39B2C-AFFD-49A1-9744-B44B1DE944E7}.Release|ARM.Build.0 = Release|Any CPU
		{DDB39B2C-AFFD-49A1-9744-B44B1DE944E7}.Release|ARM.Deploy.0 = Release|Any CPU
		{DDB39B2C-AFFD-49A1-9744-B44B1DE944E7}.Release|iPhone.ActiveCfg = Release|Any CPU
		{DDB39B2C-AFFD-49A1-9744-B44B1DE944E7}.Release|iPhone.Build.0 = Release|Any CPU
		{DDB39B2C-AFFD-49A1-9744-B44B1DE944E7}.Release|iPhone.Deploy.0 = Release|Any CPU
		{DDB39B2C-AFFD-49A1-9744-B44B1DE944E7}.Release|iPhoneSimulator.ActiveCfg = Release|Any CPU
		{DDB39B2C-AFFD-49A1-9744-B44B1DE944E7}.Release|iPhoneSimulator.Build.0 = Release|Any CPU
		{DDB39B2C-AFFD-49A1-9744-B44B1DE944E7}.Release|iPhoneSimulator.Deploy.0 = Release|Any CPU
		{DDB39B2C-AFFD-49A1-9744-B44B1DE944E7}.Release|x64.ActiveCfg = Release|Any CPU
		{DDB39B2C-AFFD-49A1-9744-B44B1DE944E7}.Release|x64.Build.0 = Release|Any CPU
		{DDB39B2C-AFFD-49A1-9744-B44B1DE944E7}.Release|x64.Deploy.0 = Release|Any CPU
		{DDB39B2C-AFFD-49A1-9744-B44B1DE944E7}.Release|x86.ActiveCfg = Release|Any CPU
		{DDB39B2C-AFFD-49A1-9744-B44B1DE944E7}.Release|x86.Build.0 = Release|Any CPU
		{DDB39B2C-AFFD-49A1-9744-B44B1DE944E7}.Release|x86.Deploy.0 = Release|Any CPU
		{29A6C7AE-4051-4827-9796-A0665632EBDA}.Ad-Hoc|Any CPU.ActiveCfg = Release|Any CPU
		{29A6C7AE-4051-4827-9796-A0665632EBDA}.Ad-Hoc|Any CPU.Build.0 = Release|Any CPU
		{29A6C7AE-4051-4827-9796-A0665632EBDA}.Ad-Hoc|ARM.ActiveCfg = Release|Any CPU
		{29A6C7AE-4051-4827-9796-A0665632EBDA}.Ad-Hoc|ARM.Build.0 = Release|Any CPU
		{29A6C7AE-4051-4827-9796-A0665632EBDA}.Ad-Hoc|iPhone.ActiveCfg = Release|Any CPU
		{29A6C7AE-4051-4827-9796-A0665632EBDA}.Ad-Hoc|iPhone.Build.0 = Release|Any CPU
		{29A6C7AE-4051-4827-9796-A0665632EBDA}.Ad-Hoc|iPhoneSimulator.ActiveCfg = Release|Any CPU
		{29A6C7AE-4051-4827-9796-A0665632EBDA}.Ad-Hoc|iPhoneSimulator.Build.0 = Release|Any CPU
		{29A6C7AE-4051-4827-9796-A0665632EBDA}.Ad-Hoc|x64.ActiveCfg = Release|Any CPU
		{29A6C7AE-4051-4827-9796-A0665632EBDA}.Ad-Hoc|x64.Build.0 = Release|Any CPU
		{29A6C7AE-4051-4827-9796-A0665632EBDA}.Ad-Hoc|x86.ActiveCfg = Release|Any CPU
		{29A6C7AE-4051-4827-9796-A0665632EBDA}.Ad-Hoc|x86.Build.0 = Release|Any CPU
		{29A6C7AE-4051-4827-9796-A0665632EBDA}.AppStore|Any CPU.ActiveCfg = Release|Any CPU
		{29A6C7AE-4051-4827-9796-A0665632EBDA}.AppStore|Any CPU.Build.0 = Release|Any CPU
		{29A6C7AE-4051-4827-9796-A0665632EBDA}.AppStore|ARM.ActiveCfg = Release|Any CPU
		{29A6C7AE-4051-4827-9796-A0665632EBDA}.AppStore|ARM.Build.0 = Release|Any CPU
		{29A6C7AE-4051-4827-9796-A0665632EBDA}.AppStore|iPhone.ActiveCfg = Release|Any CPU
		{29A6C7AE-4051-4827-9796-A0665632EBDA}.AppStore|iPhone.Build.0 = Release|Any CPU
		{29A6C7AE-4051-4827-9796-A0665632EBDA}.AppStore|iPhoneSimulator.ActiveCfg = Release|Any CPU
		{29A6C7AE-4051-4827-9796-A0665632EBDA}.AppStore|iPhoneSimulator.Build.0 = Release|Any CPU
		{29A6C7AE-4051-4827-9796-A0665632EBDA}.AppStore|x64.ActiveCfg = Release|Any CPU
		{29A6C7AE-4051-4827-9796-A0665632EBDA}.AppStore|x64.Build.0 = Release|Any CPU
		{29A6C7AE-4051-4827-9796-A0665632EBDA}.AppStore|x86.ActiveCfg = Release|Any CPU
		{29A6C7AE-4051-4827-9796-A0665632EBDA}.AppStore|x86.Build.0 = Release|Any CPU
		{29A6C7AE-4051-4827-9796-A0665632EBDA}.Debug|Any CPU.ActiveCfg = Debug|Any CPU
		{29A6C7AE-4051-4827-9796-A0665632EBDA}.Debug|Any CPU.Build.0 = Debug|Any CPU
		{29A6C7AE-4051-4827-9796-A0665632EBDA}.Debug|ARM.ActiveCfg = Debug|Any CPU
		{29A6C7AE-4051-4827-9796-A0665632EBDA}.Debug|ARM.Build.0 = Debug|Any CPU
		{29A6C7AE-4051-4827-9796-A0665632EBDA}.Debug|iPhone.ActiveCfg = Debug|Any CPU
		{29A6C7AE-4051-4827-9796-A0665632EBDA}.Debug|iPhone.Build.0 = Debug|Any CPU
		{29A6C7AE-4051-4827-9796-A0665632EBDA}.Debug|iPhoneSimulator.ActiveCfg = Debug|Any CPU
		{29A6C7AE-4051-4827-9796-A0665632EBDA}.Debug|iPhoneSimulator.Build.0 = Debug|Any CPU
		{29A6C7AE-4051-4827-9796-A0665632EBDA}.Debug|x64.ActiveCfg = Debug|Any CPU
		{29A6C7AE-4051-4827-9796-A0665632EBDA}.Debug|x64.Build.0 = Debug|Any CPU
		{29A6C7AE-4051-4827-9796-A0665632EBDA}.Debug|x86.ActiveCfg = Debug|Any CPU
		{29A6C7AE-4051-4827-9796-A0665632EBDA}.Debug|x86.Build.0 = Debug|Any CPU
		{29A6C7AE-4051-4827-9796-A0665632EBDA}.Release|Any CPU.ActiveCfg = Release|Any CPU
		{29A6C7AE-4051-4827-9796-A0665632EBDA}.Release|Any CPU.Build.0 = Release|Any CPU
		{29A6C7AE-4051-4827-9796-A0665632EBDA}.Release|ARM.ActiveCfg = Release|Any CPU
		{29A6C7AE-4051-4827-9796-A0665632EBDA}.Release|ARM.Build.0 = Release|Any CPU
		{29A6C7AE-4051-4827-9796-A0665632EBDA}.Release|iPhone.ActiveCfg = Release|Any CPU
		{29A6C7AE-4051-4827-9796-A0665632EBDA}.Release|iPhone.Build.0 = Release|Any CPU
		{29A6C7AE-4051-4827-9796-A0665632EBDA}.Release|iPhoneSimulator.ActiveCfg = Release|Any CPU
		{29A6C7AE-4051-4827-9796-A0665632EBDA}.Release|iPhoneSimulator.Build.0 = Release|Any CPU
		{29A6C7AE-4051-4827-9796-A0665632EBDA}.Release|x64.ActiveCfg = Release|Any CPU
		{29A6C7AE-4051-4827-9796-A0665632EBDA}.Release|x64.Build.0 = Release|Any CPU
		{29A6C7AE-4051-4827-9796-A0665632EBDA}.Release|x86.ActiveCfg = Release|Any CPU
		{29A6C7AE-4051-4827-9796-A0665632EBDA}.Release|x86.Build.0 = Release|Any CPU
		{B9B57A82-22E4-4321-B17C-1358849BAB32}.Ad-Hoc|Any CPU.ActiveCfg = Release|Any CPU
		{B9B57A82-22E4-4321-B17C-1358849BAB32}.Ad-Hoc|Any CPU.Build.0 = Release|Any CPU
		{B9B57A82-22E4-4321-B17C-1358849BAB32}.Ad-Hoc|ARM.ActiveCfg = Release|Any CPU
		{B9B57A82-22E4-4321-B17C-1358849BAB32}.Ad-Hoc|ARM.Build.0 = Release|Any CPU
		{B9B57A82-22E4-4321-B17C-1358849BAB32}.Ad-Hoc|iPhone.ActiveCfg = Release|Any CPU
		{B9B57A82-22E4-4321-B17C-1358849BAB32}.Ad-Hoc|iPhone.Build.0 = Release|Any CPU
		{B9B57A82-22E4-4321-B17C-1358849BAB32}.Ad-Hoc|iPhoneSimulator.ActiveCfg = Release|Any CPU
		{B9B57A82-22E4-4321-B17C-1358849BAB32}.Ad-Hoc|iPhoneSimulator.Build.0 = Release|Any CPU
		{B9B57A82-22E4-4321-B17C-1358849BAB32}.Ad-Hoc|x64.ActiveCfg = Release|Any CPU
		{B9B57A82-22E4-4321-B17C-1358849BAB32}.Ad-Hoc|x64.Build.0 = Release|Any CPU
		{B9B57A82-22E4-4321-B17C-1358849BAB32}.Ad-Hoc|x86.ActiveCfg = Release|Any CPU
		{B9B57A82-22E4-4321-B17C-1358849BAB32}.Ad-Hoc|x86.Build.0 = Release|Any CPU
		{B9B57A82-22E4-4321-B17C-1358849BAB32}.AppStore|Any CPU.ActiveCfg = Release|Any CPU
		{B9B57A82-22E4-4321-B17C-1358849BAB32}.AppStore|Any CPU.Build.0 = Release|Any CPU
		{B9B57A82-22E4-4321-B17C-1358849BAB32}.AppStore|ARM.ActiveCfg = Release|Any CPU
		{B9B57A82-22E4-4321-B17C-1358849BAB32}.AppStore|ARM.Build.0 = Release|Any CPU
		{B9B57A82-22E4-4321-B17C-1358849BAB32}.AppStore|iPhone.ActiveCfg = Release|Any CPU
		{B9B57A82-22E4-4321-B17C-1358849BAB32}.AppStore|iPhone.Build.0 = Release|Any CPU
		{B9B57A82-22E4-4321-B17C-1358849BAB32}.AppStore|iPhoneSimulator.ActiveCfg = Release|Any CPU
		{B9B57A82-22E4-4321-B17C-1358849BAB32}.AppStore|iPhoneSimulator.Build.0 = Release|Any CPU
		{B9B57A82-22E4-4321-B17C-1358849BAB32}.AppStore|x64.ActiveCfg = Release|Any CPU
		{B9B57A82-22E4-4321-B17C-1358849BAB32}.AppStore|x64.Build.0 = Release|Any CPU
		{B9B57A82-22E4-4321-B17C-1358849BAB32}.AppStore|x86.ActiveCfg = Release|Any CPU
		{B9B57A82-22E4-4321-B17C-1358849BAB32}.AppStore|x86.Build.0 = Release|Any CPU
		{B9B57A82-22E4-4321-B17C-1358849BAB32}.Debug|Any CPU.ActiveCfg = Debug|Any CPU
		{B9B57A82-22E4-4321-B17C-1358849BAB32}.Debug|Any CPU.Build.0 = Debug|Any CPU
		{B9B57A82-22E4-4321-B17C-1358849BAB32}.Debug|ARM.ActiveCfg = Debug|Any CPU
		{B9B57A82-22E4-4321-B17C-1358849BAB32}.Debug|ARM.Build.0 = Debug|Any CPU
		{B9B57A82-22E4-4321-B17C-1358849BAB32}.Debug|iPhone.ActiveCfg = Debug|Any CPU
		{B9B57A82-22E4-4321-B17C-1358849BAB32}.Debug|iPhone.Build.0 = Debug|Any CPU
		{B9B57A82-22E4-4321-B17C-1358849BAB32}.Debug|iPhoneSimulator.ActiveCfg = Debug|Any CPU
		{B9B57A82-22E4-4321-B17C-1358849BAB32}.Debug|iPhoneSimulator.Build.0 = Debug|Any CPU
		{B9B57A82-22E4-4321-B17C-1358849BAB32}.Debug|x64.ActiveCfg = Debug|Any CPU
		{B9B57A82-22E4-4321-B17C-1358849BAB32}.Debug|x64.Build.0 = Debug|Any CPU
		{B9B57A82-22E4-4321-B17C-1358849BAB32}.Debug|x86.ActiveCfg = Debug|Any CPU
		{B9B57A82-22E4-4321-B17C-1358849BAB32}.Debug|x86.Build.0 = Debug|Any CPU
		{B9B57A82-22E4-4321-B17C-1358849BAB32}.Release|Any CPU.ActiveCfg = Release|Any CPU
		{B9B57A82-22E4-4321-B17C-1358849BAB32}.Release|Any CPU.Build.0 = Release|Any CPU
		{B9B57A82-22E4-4321-B17C-1358849BAB32}.Release|ARM.ActiveCfg = Release|Any CPU
		{B9B57A82-22E4-4321-B17C-1358849BAB32}.Release|ARM.Build.0 = Release|Any CPU
		{B9B57A82-22E4-4321-B17C-1358849BAB32}.Release|iPhone.ActiveCfg = Release|Any CPU
		{B9B57A82-22E4-4321-B17C-1358849BAB32}.Release|iPhone.Build.0 = Release|Any CPU
		{B9B57A82-22E4-4321-B17C-1358849BAB32}.Release|iPhoneSimulator.ActiveCfg = Release|Any CPU
		{B9B57A82-22E4-4321-B17C-1358849BAB32}.Release|iPhoneSimulator.Build.0 = Release|Any CPU
		{B9B57A82-22E4-4321-B17C-1358849BAB32}.Release|x64.ActiveCfg = Release|Any CPU
		{B9B57A82-22E4-4321-B17C-1358849BAB32}.Release|x64.Build.0 = Release|Any CPU
		{B9B57A82-22E4-4321-B17C-1358849BAB32}.Release|x86.ActiveCfg = Release|Any CPU
		{B9B57A82-22E4-4321-B17C-1358849BAB32}.Release|x86.Build.0 = Release|Any CPU
		{FC321092-4C05-4D9A-AE9C-BB281790BFFE}.Ad-Hoc|Any CPU.ActiveCfg = Release|Any CPU
		{FC321092-4C05-4D9A-AE9C-BB281790BFFE}.Ad-Hoc|Any CPU.Build.0 = Release|Any CPU
		{FC321092-4C05-4D9A-AE9C-BB281790BFFE}.Ad-Hoc|ARM.ActiveCfg = Release|Any CPU
		{FC321092-4C05-4D9A-AE9C-BB281790BFFE}.Ad-Hoc|ARM.Build.0 = Release|Any CPU
		{FC321092-4C05-4D9A-AE9C-BB281790BFFE}.Ad-Hoc|iPhone.ActiveCfg = Release|Any CPU
		{FC321092-4C05-4D9A-AE9C-BB281790BFFE}.Ad-Hoc|iPhone.Build.0 = Release|Any CPU
		{FC321092-4C05-4D9A-AE9C-BB281790BFFE}.Ad-Hoc|iPhoneSimulator.ActiveCfg = Release|Any CPU
		{FC321092-4C05-4D9A-AE9C-BB281790BFFE}.Ad-Hoc|iPhoneSimulator.Build.0 = Release|Any CPU
		{FC321092-4C05-4D9A-AE9C-BB281790BFFE}.Ad-Hoc|x64.ActiveCfg = Release|Any CPU
		{FC321092-4C05-4D9A-AE9C-BB281790BFFE}.Ad-Hoc|x64.Build.0 = Release|Any CPU
		{FC321092-4C05-4D9A-AE9C-BB281790BFFE}.Ad-Hoc|x86.ActiveCfg = Release|Any CPU
		{FC321092-4C05-4D9A-AE9C-BB281790BFFE}.Ad-Hoc|x86.Build.0 = Release|Any CPU
		{FC321092-4C05-4D9A-AE9C-BB281790BFFE}.AppStore|Any CPU.ActiveCfg = Release|Any CPU
		{FC321092-4C05-4D9A-AE9C-BB281790BFFE}.AppStore|Any CPU.Build.0 = Release|Any CPU
		{FC321092-4C05-4D9A-AE9C-BB281790BFFE}.AppStore|ARM.ActiveCfg = Release|Any CPU
		{FC321092-4C05-4D9A-AE9C-BB281790BFFE}.AppStore|ARM.Build.0 = Release|Any CPU
		{FC321092-4C05-4D9A-AE9C-BB281790BFFE}.AppStore|iPhone.ActiveCfg = Release|Any CPU
		{FC321092-4C05-4D9A-AE9C-BB281790BFFE}.AppStore|iPhone.Build.0 = Release|Any CPU
		{FC321092-4C05-4D9A-AE9C-BB281790BFFE}.AppStore|iPhoneSimulator.ActiveCfg = Release|Any CPU
		{FC321092-4C05-4D9A-AE9C-BB281790BFFE}.AppStore|iPhoneSimulator.Build.0 = Release|Any CPU
		{FC321092-4C05-4D9A-AE9C-BB281790BFFE}.AppStore|x64.ActiveCfg = Release|Any CPU
		{FC321092-4C05-4D9A-AE9C-BB281790BFFE}.AppStore|x64.Build.0 = Release|Any CPU
		{FC321092-4C05-4D9A-AE9C-BB281790BFFE}.AppStore|x86.ActiveCfg = Release|Any CPU
		{FC321092-4C05-4D9A-AE9C-BB281790BFFE}.AppStore|x86.Build.0 = Release|Any CPU
		{FC321092-4C05-4D9A-AE9C-BB281790BFFE}.Debug|Any CPU.ActiveCfg = Debug|Any CPU
		{FC321092-4C05-4D9A-AE9C-BB281790BFFE}.Debug|Any CPU.Build.0 = Debug|Any CPU
		{FC321092-4C05-4D9A-AE9C-BB281790BFFE}.Debug|ARM.ActiveCfg = Debug|Any CPU
		{FC321092-4C05-4D9A-AE9C-BB281790BFFE}.Debug|ARM.Build.0 = Debug|Any CPU
		{FC321092-4C05-4D9A-AE9C-BB281790BFFE}.Debug|iPhone.ActiveCfg = Debug|Any CPU
		{FC321092-4C05-4D9A-AE9C-BB281790BFFE}.Debug|iPhone.Build.0 = Debug|Any CPU
		{FC321092-4C05-4D9A-AE9C-BB281790BFFE}.Debug|iPhoneSimulator.ActiveCfg = Debug|Any CPU
		{FC321092-4C05-4D9A-AE9C-BB281790BFFE}.Debug|iPhoneSimulator.Build.0 = Debug|Any CPU
		{FC321092-4C05-4D9A-AE9C-BB281790BFFE}.Debug|x64.ActiveCfg = Debug|Any CPU
		{FC321092-4C05-4D9A-AE9C-BB281790BFFE}.Debug|x64.Build.0 = Debug|Any CPU
		{FC321092-4C05-4D9A-AE9C-BB281790BFFE}.Debug|x86.ActiveCfg = Debug|Any CPU
		{FC321092-4C05-4D9A-AE9C-BB281790BFFE}.Debug|x86.Build.0 = Debug|Any CPU
		{FC321092-4C05-4D9A-AE9C-BB281790BFFE}.Release|Any CPU.ActiveCfg = Release|Any CPU
		{FC321092-4C05-4D9A-AE9C-BB281790BFFE}.Release|Any CPU.Build.0 = Release|Any CPU
		{FC321092-4C05-4D9A-AE9C-BB281790BFFE}.Release|ARM.ActiveCfg = Release|Any CPU
		{FC321092-4C05-4D9A-AE9C-BB281790BFFE}.Release|ARM.Build.0 = Release|Any CPU
		{FC321092-4C05-4D9A-AE9C-BB281790BFFE}.Release|iPhone.ActiveCfg = Release|Any CPU
		{FC321092-4C05-4D9A-AE9C-BB281790BFFE}.Release|iPhone.Build.0 = Release|Any CPU
		{FC321092-4C05-4D9A-AE9C-BB281790BFFE}.Release|iPhoneSimulator.ActiveCfg = Release|Any CPU
		{FC321092-4C05-4D9A-AE9C-BB281790BFFE}.Release|iPhoneSimulator.Build.0 = Release|Any CPU
		{FC321092-4C05-4D9A-AE9C-BB281790BFFE}.Release|x64.ActiveCfg = Release|Any CPU
		{FC321092-4C05-4D9A-AE9C-BB281790BFFE}.Release|x64.Build.0 = Release|Any CPU
		{FC321092-4C05-4D9A-AE9C-BB281790BFFE}.Release|x86.ActiveCfg = Release|Any CPU
		{FC321092-4C05-4D9A-AE9C-BB281790BFFE}.Release|x86.Build.0 = Release|Any CPU
		{3B2C75A4-ADEE-4F24-B9CB-FE2EE418B8EC}.Ad-Hoc|Any CPU.ActiveCfg = Release|Any CPU
		{3B2C75A4-ADEE-4F24-B9CB-FE2EE418B8EC}.Ad-Hoc|Any CPU.Build.0 = Release|Any CPU
		{3B2C75A4-ADEE-4F24-B9CB-FE2EE418B8EC}.Ad-Hoc|ARM.ActiveCfg = Release|Any CPU
		{3B2C75A4-ADEE-4F24-B9CB-FE2EE418B8EC}.Ad-Hoc|ARM.Build.0 = Release|Any CPU
		{3B2C75A4-ADEE-4F24-B9CB-FE2EE418B8EC}.Ad-Hoc|iPhone.ActiveCfg = Release|Any CPU
		{3B2C75A4-ADEE-4F24-B9CB-FE2EE418B8EC}.Ad-Hoc|iPhone.Build.0 = Release|Any CPU
		{3B2C75A4-ADEE-4F24-B9CB-FE2EE418B8EC}.Ad-Hoc|iPhoneSimulator.ActiveCfg = Release|Any CPU
		{3B2C75A4-ADEE-4F24-B9CB-FE2EE418B8EC}.Ad-Hoc|iPhoneSimulator.Build.0 = Release|Any CPU
		{3B2C75A4-ADEE-4F24-B9CB-FE2EE418B8EC}.Ad-Hoc|x64.ActiveCfg = Release|Any CPU
		{3B2C75A4-ADEE-4F24-B9CB-FE2EE418B8EC}.Ad-Hoc|x64.Build.0 = Release|Any CPU
		{3B2C75A4-ADEE-4F24-B9CB-FE2EE418B8EC}.Ad-Hoc|x86.ActiveCfg = Release|Any CPU
		{3B2C75A4-ADEE-4F24-B9CB-FE2EE418B8EC}.Ad-Hoc|x86.Build.0 = Release|Any CPU
		{3B2C75A4-ADEE-4F24-B9CB-FE2EE418B8EC}.AppStore|Any CPU.ActiveCfg = Release|Any CPU
		{3B2C75A4-ADEE-4F24-B9CB-FE2EE418B8EC}.AppStore|Any CPU.Build.0 = Release|Any CPU
		{3B2C75A4-ADEE-4F24-B9CB-FE2EE418B8EC}.AppStore|ARM.ActiveCfg = Release|Any CPU
		{3B2C75A4-ADEE-4F24-B9CB-FE2EE418B8EC}.AppStore|ARM.Build.0 = Release|Any CPU
		{3B2C75A4-ADEE-4F24-B9CB-FE2EE418B8EC}.AppStore|iPhone.ActiveCfg = Release|Any CPU
		{3B2C75A4-ADEE-4F24-B9CB-FE2EE418B8EC}.AppStore|iPhone.Build.0 = Release|Any CPU
		{3B2C75A4-ADEE-4F24-B9CB-FE2EE418B8EC}.AppStore|iPhoneSimulator.ActiveCfg = Release|Any CPU
		{3B2C75A4-ADEE-4F24-B9CB-FE2EE418B8EC}.AppStore|iPhoneSimulator.Build.0 = Release|Any CPU
		{3B2C75A4-ADEE-4F24-B9CB-FE2EE418B8EC}.AppStore|x64.ActiveCfg = Release|Any CPU
		{3B2C75A4-ADEE-4F24-B9CB-FE2EE418B8EC}.AppStore|x64.Build.0 = Release|Any CPU
		{3B2C75A4-ADEE-4F24-B9CB-FE2EE418B8EC}.AppStore|x86.ActiveCfg = Release|Any CPU
		{3B2C75A4-ADEE-4F24-B9CB-FE2EE418B8EC}.AppStore|x86.Build.0 = Release|Any CPU
		{3B2C75A4-ADEE-4F24-B9CB-FE2EE418B8EC}.Debug|Any CPU.ActiveCfg = Debug|Any CPU
		{3B2C75A4-ADEE-4F24-B9CB-FE2EE418B8EC}.Debug|Any CPU.Build.0 = Debug|Any CPU
		{3B2C75A4-ADEE-4F24-B9CB-FE2EE418B8EC}.Debug|ARM.ActiveCfg = Debug|Any CPU
		{3B2C75A4-ADEE-4F24-B9CB-FE2EE418B8EC}.Debug|ARM.Build.0 = Debug|Any CPU
		{3B2C75A4-ADEE-4F24-B9CB-FE2EE418B8EC}.Debug|iPhone.ActiveCfg = Debug|Any CPU
		{3B2C75A4-ADEE-4F24-B9CB-FE2EE418B8EC}.Debug|iPhone.Build.0 = Debug|Any CPU
		{3B2C75A4-ADEE-4F24-B9CB-FE2EE418B8EC}.Debug|iPhoneSimulator.ActiveCfg = Debug|Any CPU
		{3B2C75A4-ADEE-4F24-B9CB-FE2EE418B8EC}.Debug|iPhoneSimulator.Build.0 = Debug|Any CPU
		{3B2C75A4-ADEE-4F24-B9CB-FE2EE418B8EC}.Debug|x64.ActiveCfg = Debug|Any CPU
		{3B2C75A4-ADEE-4F24-B9CB-FE2EE418B8EC}.Debug|x64.Build.0 = Debug|Any CPU
		{3B2C75A4-ADEE-4F24-B9CB-FE2EE418B8EC}.Debug|x86.ActiveCfg = Debug|Any CPU
		{3B2C75A4-ADEE-4F24-B9CB-FE2EE418B8EC}.Debug|x86.Build.0 = Debug|Any CPU
		{3B2C75A4-ADEE-4F24-B9CB-FE2EE418B8EC}.Release|Any CPU.ActiveCfg = Release|Any CPU
		{3B2C75A4-ADEE-4F24-B9CB-FE2EE418B8EC}.Release|Any CPU.Build.0 = Release|Any CPU
		{3B2C75A4-ADEE-4F24-B9CB-FE2EE418B8EC}.Release|ARM.ActiveCfg = Release|Any CPU
		{3B2C75A4-ADEE-4F24-B9CB-FE2EE418B8EC}.Release|ARM.Build.0 = Release|Any CPU
		{3B2C75A4-ADEE-4F24-B9CB-FE2EE418B8EC}.Release|iPhone.ActiveCfg = Release|Any CPU
		{3B2C75A4-ADEE-4F24-B9CB-FE2EE418B8EC}.Release|iPhone.Build.0 = Release|Any CPU
		{3B2C75A4-ADEE-4F24-B9CB-FE2EE418B8EC}.Release|iPhoneSimulator.ActiveCfg = Release|Any CPU
		{3B2C75A4-ADEE-4F24-B9CB-FE2EE418B8EC}.Release|iPhoneSimulator.Build.0 = Release|Any CPU
		{3B2C75A4-ADEE-4F24-B9CB-FE2EE418B8EC}.Release|x64.ActiveCfg = Release|Any CPU
		{3B2C75A4-ADEE-4F24-B9CB-FE2EE418B8EC}.Release|x64.Build.0 = Release|Any CPU
		{3B2C75A4-ADEE-4F24-B9CB-FE2EE418B8EC}.Release|x86.ActiveCfg = Release|Any CPU
		{3B2C75A4-ADEE-4F24-B9CB-FE2EE418B8EC}.Release|x86.Build.0 = Release|Any CPU
	EndGlobalSection
	GlobalSection(SolutionProperties) = preSolution
		HideSolutionNode = FALSE
	EndGlobalSection
	GlobalSection(ExtensibilityGlobals) = postSolution
		SolutionGuid = {2AE5BC6D-1291-478D-B667-7EE6973F2C43}
		RESX_PrefixTranslations = False
	EndGlobalSection
EndGlobal
